<?xml version="1.0" encoding="utf-8"?>
<Project ToolsVersion="4.0" xmlns="http://schemas.microsoft.com/developer/msbuild/2003">
  <ItemGroup>
    <Filter Include="Source Files">
      <UniqueIdentifier>{52b2b4b0-9f80-43f9-948d-143faa25a3cd}</UniqueIdentifier>
      <Extensions>cpp;c;cxx;rc;def;r;odl;idl;hpj;bat</Extensions>
    </Filter>
    <Filter Include="Header Files">
      <UniqueIdentifier>{5153b7e1-9bb1-46a3-9587-140dd36bb1d4}</UniqueIdentifier>
      <Extensions>h;hpp;hxx;hm;inl</Extensions>
    </Filter>
    <Filter Include="Resource Files">
      <UniqueIdentifier>{b1197743-a1c8-4c13-9a2f-479021a420c6}</UniqueIdentifier>
      <Extensions>ico;cur;bmp;dlg;rc2;rct;bin;rgs;gif;jpg;jpeg;jpe</Extensions>
    </Filter>
  </ItemGroup>
  <ItemGroup>
    <ClCompile Include="..\game\bg_lib.c">
      <Filter>Source Files</Filter>
    </ClCompile>
    <ClCompile Include="..\game\bg_misc.c">
      <Filter>Source Files</Filter>
    </ClCompile>
    <ClCompile Include="..\game\q_math.c">
      <Filter>Source Files</Filter>
    </ClCompile>
    <ClCompile Include="..\game\q_shared.c">
      <Filter>Source Files</Filter>
    </ClCompile>
    <ClCompile Include="ui_atoms.c">
      <Filter>Source Files</Filter>
    </ClCompile>
    <ClCompile Include="ui_gameinfo.c">
      <Filter>Source Files</Filter>
    </ClCompile>
    <ClCompile Include="ui_main.c">
      <Filter>Source Files</Filter>
    </ClCompile>
    <ClCompile Include="ui_players.c">
      <Filter>Source Files</Filter>
    </ClCompile>
    <ClCompile Include="ui_shared.c">
      <Filter>Source Files</Filter>
    </ClCompile>
    <ClCompile Include="ui_syscalls.c">
      <Filter>Source Files</Filter>
    </ClCompile>
    <ClCompile Include="ui_util.c">
      <Filter>Source Files</Filter>
    </ClCompile>
  </ItemGroup>
  <ItemGroup>
    <CustomBuild Include="ui.def">
      <Filter>Source Files</Filter>
    </CustomBuild>
    <CustomBuild Include="..\game\bg_public.h">
      <Filter>Header Files</Filter>
    </CustomBuild>
    <CustomBuild Include="keycodes.h">
      <Filter>Header Files</Filter>
    </CustomBuild>
    <CustomBuild Include="..\..\ui\menudef.h">
      <Filter>Header Files</Filter>
    </CustomBuild>
    <CustomBuild Include="..\game\q_shared.h">
      <Filter>Header Files</Filter>
    </CustomBuild>
    <CustomBuild Include="..\game\surfaceflags.h">
      <Filter>Header Files</Filter>
    </CustomBuild>
    <CustomBuild Include="..\cgame\tr_types.h">
      <Filter>Header Files</Filter>
    </CustomBuild>
    <CustomBuild Include="ui_local.h">
      <Filter>Header Files</Filter>
    </CustomBuild>
    <CustomBuild Include="ui_public.h">
      <Filter>Header Files</Filter>
    </CustomBuild>
    <CustomBuild Include="ui_shared.h">
      <Filter>Header Files</Filter>
    </CustomBuild>
  </ItemGroup>
</Project>